{
    "babdev/pagerfanta-bundle": {
        "version": "v4.6.0"
    },
    "doctrine/deprecations": {
        "version": "1.1",
        "recipe": {
            "repo": "github.com/symfony/recipes",
            "branch": "main",
            "version": "1.0",
            "ref": "fdd756167454623e21f1d769c5b814b243782a67"
        }
    },
    "doctrine/doctrine-bundle": {
        "version": "3.3",
        "recipe": {
            "repo": "github.com/symfony/recipes",
            "branch": "main",
            "version": "3.0",
            "ref": "d39a3bd844edfe90c20ae520b804a3bf4f82b4ad"
        },
        "files": [
            "config/packages/doctrine.yaml",
            "src/Entity/.gitignore",
            "src/Repository/.gitignore"
        ]
    },
    "doctrine/doctrine-fixtures-bundle": {
        "version": "4.3",
        "recipe": {
            "repo": "github.com/symfony/recipes",
            "branch": "main",
            "version": "3.0",
            "ref": "1f5514cfa15b947298df4d771e694e578d4c204d"
        },
        "files": [
            "src/DataFixtures/AppFixtures.php"
        ]
    },
    "doctrine/doctrine-migrations-bundle": {
        "version": "3.7",
        "recipe": {
            "repo": "github.com/symfony/recipes",
            "branch": "main",
            "version": "3.1",
            "ref": "1d01ec03c6ecbd67c3375c5478c9a423ae5d6a33"
        },
        "files": [
            "config/packages/doctrine_migrations.yaml",
            "migrations/.gitignore"
        ]
    },
    "knplabs/knp-menu-bundle": {
        "version": "v3.7.0"
    },
    "phpunit/phpunit": {
        "version": "11.5",
        "recipe": {
            "repo": "github.com/symfony/recipes",
            "branch": "main",
            "version": "11.1",
            "ref": "ca0bc067abfb40a8de1b2561b96cbfc2b833c314"
        },
        "files": [
            ".env.test",
            "phpunit.xml.dist",
            "tests/bootstrap.php",
            "bin/phpunit"
        ]
    },
    "sylius/admin-ui": {
        "version": "0.14",
        "recipe": {
            "repo": "github.com/symfony/recipes-contrib",
            "branch": "main",
            "version": "0.4",
            "ref": "8c08475f21574ea82ca3cd86b30f89fc9e4cd9ba"
        },
        "files": [
            "config/routes/sylius_admin_ui.yaml"
        ]
    },
    "sylius/bootstrap-admin-ui": {
        "version": "0.14",
        "recipe": {
            "repo": "github.com/symfony/recipes-contrib",
            "branch": "main",
            "version": "0.4",
            "ref": "48198641b4c0d0d365519d74b097be53bf53e335"
        },
        "files": [
            "config/packages/sylius_bootstrap_admin_ui.yaml"
        ]
    },
    "sylius/grid-bundle": {
        "version": "v1.16.1"
    },
    "sylius/resource-bundle": {
        "version": "1.14",
        "recipe": {
            "repo": "github.com/symfony/recipes-contrib",
            "branch": "main",
            "version": "1.13",
            "ref": "44983507fd82e1b5ec6911cb7be8847064acd473"
        },
        "files": [
            "config/packages/sylius_resource.yaml",
            "config/routes/sylius_resource.yaml",
            "src/Entity/.gitignore"
        ]
    },
    "sylius/twig-extra": {
        "version": "0.14",
        "recipe": {
            "repo": "github.com/symfony/recipes-contrib",
            "branch": "main",
            "version": "0.4",
            "ref": "00e1c7f2e97de7b0d990e507e1541fd05d4cdbfe"
        }
    },
    "sylius/twig-hooks": {
        "version": "0.14",
        "recipe": {
            "repo": "github.com/symfony/recipes-contrib",
            "branch": "main",
            "version": "0.4",
            "ref": "42a2dc11276d447efefa639b95f9c7a4edd7031a"
        }
    },
    "symfony/asset-mapper": {
        "version": "7.4",
        "recipe": {
            "repo": "github.com/symfony/recipes",
            "branch": "main",
            "version": "6.4",
            "ref": "c01c47af2ec66a74ec046eccb919cfe27d3464ec"
        },
        "files": [
            "assets/app.js",
            "assets/styles/app.css",
            "config/packages/asset_mapper.yaml",
            "importmap.php"
        ]
    },
    "symfony/console": {
        "version": "7.4",
        "recipe": {
            "repo": "github.com/symfony/recipes",
            "branch": "main",
            "version": "5.3",
            "ref": "1781ff40d8a17d87cf53f8d4cf0c8346ed2bb461"
        },
        "files": [
            "bin/console"
        ]
    },
    "symfony/flex": {
        "version": "2.11",
        "recipe": {
            "repo": "github.com/symfony/recipes",
            "branch": "main",
            "version": "2.4",
            "ref": "52e9754527a15e2b79d9a610f98185a1fe46622a"
        },
        "files": [
            ".env",
            ".env.dev"
        ]
    },
    "symfony/form": {
        "version": "7.4",
        "recipe": {
            "repo": "github.com/symfony/recipes",
            "branch": "main",
            "version": "7.2",
            "ref": "7d86a6723f4a623f59e2bf966b6aad2fc461d36b"
        },
        "files": [
            "config/packages/csrf.yaml"
        ]
    },
    "symfony/framework-bundle": {
        "version": "7.4",
        "recipe": {
            "repo": "github.com/symfony/recipes",
            "branch": "main",
            "version": "7.4",
            "ref": "5ea2ed9cd29ca8fc2cb9bca9cb7b7e0a8d2be1dc"
        },
        "files": [
            "config/packages/cache.yaml",
            "config/packages/framework.yaml",
            "config/preload.php",
            "config/routes/framework.yaml",
            "config/services.yaml",
            "public/index.php",
            "src/Controller/.gitignore",
            "src/Kernel.php",
            ".editorconfig"
        ]
    },
    "symfony/maker-bundle": {
        "version": "1.68",
        "recipe": {
            "repo": "github.com/symfony/recipes",
            "branch": "main",
            "version": "1.0",
            "ref": "fadbfe33303a76e25cb63401050439aa9b1a9c7f"
        }
    },
    "symfony/property-info": {
        "version": "7.4",
        "recipe": {
            "repo": "github.com/symfony/recipes",
            "branch": "main",
            "version": "7.3",
            "ref": "dae70df71978ae9226ae915ffd5fad817f5ca1f7"
        },
        "files": [
            "config/packages/property_info.yaml"
        ]
    },
    "symfony/routing": {
        "version": "7.4",
        "recipe": {
            "repo": "github.com/symfony/recipes",
            "branch": "main",
            "version": "7.4",
            "ref": "bc94c4fd86f393f3ab3947c18b830ea343e51ded"
        },
        "files": [
            "config/packages/routing.yaml",
            "config/routes.yaml"
        ]
    },
    "symfony/security-bundle": {
        "version": "7.4",
        "recipe": {
            "repo": "github.com/symfony/recipes",
            "branch": "main",
            "version": "7.4",
            "ref": "c42fee7802181cdd50f61b8622715829f5d2335c"
        },
        "files": [
            "config/packages/security.yaml",
            "config/routes/security.yaml"
        ]
    },
    "symfony/stimulus-bundle": {
        "version": "3.5",
        "recipe": {
            "repo": "github.com/symfony/recipes",
            "branch": "main",
            "version": "3.3",
            "ref": "30f7461c215766d446f3c990b2b18f08ff51386e"
        },
        "files": [
            "assets/controllers.json",
            "assets/controllers/csrf_protection_controller.js",
            "assets/controllers/hello_controller.js",
            "assets/stimulus_bootstrap.js"
        ]
    },
    "symfony/translation": {
        "version": "7.4",
        "recipe": {
            "repo": "github.com/symfony/recipes",
            "branch": "main",
            "version": "6.3",
            "ref": "620a1b84865ceb2ba304c8f8bf2a185fbf32a843"
        },
        "files": [
            "config/packages/translation.yaml",
            "translations/.gitignore"
        ]
    },
    "symfony/twig-bundle": {
        "version": "7.4",
        "recipe": {
            "repo": "github.com/symfony/recipes",
            "branch": "main",
            "version": "6.4",
            "ref": "06dacf16872358cb1f2494e089070ff2d045233a"
        },
        "files": [
            "config/packages/twig.yaml",
            "templates/base.html.twig"
        ]
    },
    "symfony/ux-autocomplete": {
        "version": "3.5",
        "recipe": {
            "repo": "github.com/symfony/recipes",
            "branch": "main",
            "version": "2.6",
            "ref": "07d9602b7231ba355f484305d6cea58310c01741"
        },
        "files": [
            "config/routes/ux_autocomplete.yaml"
        ]
    },
    "symfony/ux-icons": {
        "version": "3.5",
        "recipe": {
            "repo": "github.com/symfony/recipes",
            "branch": "main",
            "version": "3.4",
            "ref": "16a3114526e46593b494471d1654dfa46831beb5"
        },
        "files": [
            "assets/icons/symfony.svg",
            "config/packages/ux_icons.yaml"
        ]
    },
    "symfony/ux-live-component": {
        "version": "3.5",
        "recipe": {
            "repo": "github.com/symfony/recipes",
            "branch": "main",
            "version": "2.6",
            "ref": "b7130b7b5ddc2f8994bd6149d7c093b184782f0c"
        },
        "files": [
            "config/routes/ux_live_component.yaml"
        ]
    },
    "symfony/ux-twig-component": {
        "version": "3.5",
        "recipe": {
            "repo": "github.com/symfony/recipes",
            "branch": "main",
            "version": "2.13",
            "ref": "f367ae2a1faf01c503de2171f1ec22567febeead"
        },
        "files": [
            "config/packages/twig_component.yaml"
        ]
    },
    "symfony/validator": {
        "version": "7.4",
        "recipe": {
            "repo": "github.com/symfony/recipes",
            "branch": "main",
            "version": "7.0",
            "ref": "8c1c4e28d26a124b0bb273f537ca8ce443472bfd"
        },
        "files": [
            "config/packages/validator.yaml"
        ]
    }
}
